
Microsoft Visual Studio Solution File, Format Version 12.00
# Visual Studio Version 16
VisualStudioVersion = 16.0.31829.152
MinimumVisualStudioVersion = 10.0.40219.1
Project("{2150E333-8FDC-42A3-9474-1A3956D46DE8}") = "src", "src", "{1CBE7EA9-51BF-4E32-92A8-608E25586D9E}"
EndProject
Project("{2150E333-8FDC-42A3-9474-1A3956D46DE8}") = "Core", "Core", "{2040B766-07B0-4D92-A6B6-58DE86942586}"
EndProject
Project("{9A19103F-16F7-4668-BE54-9A1E7A4F7556}") = "ProductApp.Domain", "src\Core\ProductApp.Domain\ProductApp.Domain.csproj", "{FCBFEE60-4A7B-4368-ADB6-30070456A64F}"
EndProject
Project("{9A19103F-16F7-4668-BE54-9A1E7A4F7556}") = "ProductApp.Application", "src\Core\ProductApp.Application\ProductApp.Application.csproj", "{5F271E27-6072-4887-96A1-D46643ED10AA}"
EndProject
Project("{2150E333-8FDC-42A3-9474-1A3956D46DE8}") = "Infrastructure", "Infrastructure", "{02042313-75CF-4295-AE6C-F1B708AB085C}"
EndProject
Project("{9A19103F-16F7-4668-BE54-9A1E7A4F7556}") = "ProductApp.Persistence", "src\Infrastructure\ProductApp.Persistence\ProductApp.Persistence.csproj", "{30C9C6A2-C59E-42C4-B0D7-A5E96EDDDC92}"
EndProject
Project("{2150E333-8FDC-42A3-9474-1A3956D46DE8}") = "Presentation", "Presentation", "{D0D285FB-CEDB-4DD8-9E76-A32D6A4ED37D}"
EndProject
Project("{FAE04EC0-301F-11D3-BF4B-00C04F79EFBC}") = "ProductApp.WebAPI", "ProductApp.WebAPI\ProductApp.WebAPI.csproj", "{E6120638-2338-463A-8C5C-157F252061E9}"
EndProject
Global
	GlobalSection(SolutionConfigurationPlatforms) = preSolution
		Debug|Any CPU = Debug|Any CPU
		Release|Any CPU = Release|Any CPU
	EndGlobalSection
	GlobalSection(ProjectConfigurationPlatforms) = postSolution
		{FCBFEE60-4A7B-4368-ADB6-30070456A64F}.Debug|Any CPU.ActiveCfg = Debug|Any CPU
		{FCBFEE60-4A7B-4368-ADB6-30070456A64F}.Debug|Any CPU.Build.0 = Debug|Any CPU
		{FCBFEE60-4A7B-4368-ADB6-30070456A64F}.Release|Any CPU.ActiveCfg = Release|Any CPU
		{FCBFEE60-4A7B-4368-ADB6-30070456A64F}.Release|Any CPU.Build.0 = Release|Any CPU
		{5F271E27-6072-4887-96A1-D46643ED10AA}.Debug|Any CPU.ActiveCfg = Debug|Any CPU
		{5F271E27-6072-4887-96A1-D46643ED10AA}.Debug|Any CPU.Build.0 = Debug|Any CPU
		{5F271E27-6072-4887-96A1-D46643ED10AA}.Release|Any CPU.ActiveCfg = Release|Any CPU
		{5F271E27-6072-4887-96A1-D46643ED10AA}.Release|Any CPU.Build.0 = Release|Any CPU
		{30C9C6A2-C59E-42C4-B0D7-A5E96EDDDC92}.Debug|Any CPU.ActiveCfg = Debug|Any CPU
		{30C9C6A2-C59E-42C4-B0D7-A5E96EDDDC92}.Debug|Any CPU.Build.0 = Debug|Any CPU
		{30C9C6A2-C59E-42C4-B0D7-A5E96EDDDC92}.Release|Any CPU.ActiveCfg = Release|Any CPU
		{30C9C6A2-C59E-42C4-B0D7-A5E96EDDDC92}.Release|Any CPU.Build.0 = Release|Any CPU
		{E6120638-2338-463A-8C5C-157F252061E9}.Debug|Any CPU.ActiveCfg = Debug|Any CPU
		{E6120638-2338-463A-8C5C-157F252061E9}.Debug|Any CPU.Build.0 = Debug|Any CPU
		{E6120638-2338-463A-8C5C-157F252061E9}.Release|Any CPU.ActiveCfg = Release|Any CPU
		{E6120638-2338-463A-8C5C-157F252061E9}.Release|Any CPU.Build.0 = Release|Any CPU
	EndGlobalSection
	GlobalSection(SolutionProperties) = preSolution
		HideSolutionNode = FALSE
	EndGlobalSection
	GlobalSection(NestedProjects) = preSolution
		{2040B766-07B0-4D92-A6B6-58DE86942586} = {1CBE7EA9-51BF-4E32-92A8-608E25586D9E}
		{FCBFEE60-4A7B-4368-ADB6-30070456A64F} = {2040B766-07B0-4D92-A6B6-58DE86942586}
		{5F271E27-6072-4887-96A1-D46643ED10AA} = {2040B766-07B0-4D92-A6B6-58DE86942586}
		{02042313-75CF-4295-AE6C-F1B708AB085C} = {1CBE7EA9-51BF-4E32-92A8-608E25586D9E}
		{30C9C6A2-C59E-42C4-B0D7-A5E96EDDDC92} = {02042313-75CF-4295-AE6C-F1B708AB085C}
		{D0D285FB-CEDB-4DD8-9E76-A32D6A4ED37D} = {1CBE7EA9-51BF-4E32-92A8-608E25586D9E}
		{E6120638-2338-463A-8C5C-157F252061E9} = {D0D285FB-CEDB-4DD8-9E76-A32D6A4ED37D}
	EndGlobalSection
	GlobalSection(ExtensibilityGlobals) = postSolution
		SolutionGuid = {F89FF166-5ECA-4161-9F05-743980D913CE}
	EndGlobalSection
EndGlobal
